# THIS IS AN AUTOGENERATED FILE. DO NOT EDIT THIS FILE DIRECTLY.
# yarn lockfile v1


"@types/uuid@8.3.1":
  "integrity" "sha512-Y2mHTRAbqfFkpjldbkHGY8JIzRN6XqYRliG8/24FcHm2D2PwW24fl5xMRTVGdrb7iMrwCaIEbLWerGIkXuFWVg=="
  "resolved" "https://registry.npmjs.org/@types/uuid/-/uuid-8.3.1.tgz"
  "version" "8.3.1"

"uuid@^8.3.2", "uuid@8.3.2":
  "integrity" "sha512-+NYs2QeMWy+GWFOEm9xnn6HCDp0l7QBD7ml8zLUmJ+93Q5NF0NocErnwkTkXVFNiX3/fpC6afS8Dhb/gz7R7eg=="
  "resolved" "https://registry.npmjs.org/uuid/-/uuid-8.3.2.tgz"
  "version" "8.3.2"

"uuidv4@^6.2.12":
  "integrity" "sha512-UnN4ThIYWhv3ZUE8UwDnnCvh4JafCNu+sQkxmLyjCVwK3rjLfkg3DYiEv6oCMDIAIVEDP4INg4kX/C5hKaRzZA=="
  "resolved" "https://registry.npmjs.org/uuidv4/-/uuidv4-6.2.12.tgz"
  "version" "6.2.12"
  dependencies:
    "@types/uuid" "8.3.1"
    "uuid" "8.3.2"
